
Microsoft Visual Studio Solution File, Format Version 12.00
# Visual Studio Version 17
VisualStudioVersion = 17.9.34723.18
MinimumVisualStudioVersion = 10.0.40219.1
Project("{9A19103F-16F7-4668-BE54-9A1E7A4F7556}") = "WorldApp.WPF", "WorldApp.WPF\WorldApp.WPF.csproj", "{7549DB3F-D4EE-4D7B-BC8B-4841C12E5200}"
EndProject
Project("{9A19103F-16F7-4668-BE54-9A1E7A4F7556}") = "WorldApp.Test", "WorldApp.Test\WorldApp.Test.csproj", "{D677A3EF-2D5E-49F9-9366-47919DEB187A}"
EndProject
Global
	GlobalSection(SolutionConfigurationPlatforms) = preSolution
		Debug|Any CPU = Debug|Any CPU
		Release|Any CPU = Release|Any CPU
	EndGlobalSection
	GlobalSection(ProjectConfigurationPlatforms) = postSolution
		{7549DB3F-D4EE-4D7B-BC8B-4841C12E5200}.Debug|Any CPU.ActiveCfg = Debug|Any CPU
		{7549DB3F-D4EE-4D7B-BC8B-4841C12E5200}.Debug|Any CPU.Build.0 = Debug|Any CPU
		{7549DB3F-D4EE-4D7B-BC8B-4841C12E5200}.Release|Any CPU.ActiveCfg = Release|Any CPU
		{7549DB3F-D4EE-4D7B-BC8B-4841C12E5200}.Release|Any CPU.Build.0 = Release|Any CPU
		{D677A3EF-2D5E-49F9-9366-47919DEB187A}.Debug|Any CPU.ActiveCfg = Debug|Any CPU
		{D677A3EF-2D5E-49F9-9366-47919DEB187A}.Debug|Any CPU.Build.0 = Debug|Any CPU
		{D677A3EF-2D5E-49F9-9366-47919DEB187A}.Release|Any CPU.ActiveCfg = Release|Any CPU
		{D677A3EF-2D5E-49F9-9366-47919DEB187A}.Release|Any CPU.Build.0 = Release|Any CPU
	EndGlobalSection
	GlobalSection(SolutionProperties) = preSolution
		HideSolutionNode = FALSE
	EndGlobalSection
	GlobalSection(ExtensibilityGlobals) = postSolution
		SolutionGuid = {CDD4730F-BE91-4D69-8BD7-F34BF94B078D}
	EndGlobalSection
EndGlobal
